GEM
  remote: https://rubygems.org/
  specs:
    hoe (2.16.1)
      rake (~> 0.8)
    hoe-bundler (1.2.0)
      hoe (>= 2.2.0)
    hoe-yard (0.1.2)
      yard (>= 0.2.3.1)
    i18n (0.6.4)
    json (1.8.0)
    rake (0.9.6)
    rdoc (4.0.1)
      json (~> 1.4)
    test_declarative (0.0.5)
    yard (0.9.20)

PLATFORMS
  ruby

DEPENDENCIES
  bundler (>= 1.0.15)
  hoe (~> 2.16)
  hoe-bundler (>= 1.2.0)
  hoe-yard (>= 0.1.2)
  i18n (>= 0.4.1)
  rdoc (>= 3.8.0)
  test_declarative (>= 0.0.5)
  yard (>= 0.8.6)
