GEM
  remote: https://rubygems.org/
  specs:
    hoe (3.6.2)
      rake (>= 0.8, < 11.0)
    hoe-bundler (1.2.0)
      hoe (>= 2.2.0)
    hoe-yard (0.1.2)
      yard (>= 0.2.3.1)
    i18n (0.4.2)
    rake (10.0.4)
    test_declarative (0.0.5)
    yard (0.8.6.1)

PLATFORMS
  ruby

DEPENDENCIES
  bundler (>= 1.0.7)
  hoe (>= 2.10.0)
  hoe-bundler (>= 1.0.0)
  hoe-yard (>= 0.1.2)
  i18n (>= 0.4.1, < 0.5.0)
  test_declarative (>= 0.0.4)
  yard (>= 0.6.4)
